
Microsoft Visual Studio Solution File, Format Version 12.00
# Visual Studio Version 16
VisualStudioVersion = 16.0.29519.87
MinimumVisualStudioVersion = 10.0.40219.1
Project("{9A19103F-16F7-4668-BE54-9A1E7A4F7556}") = "Task1", "Task1\Task1.csproj", "{48854BFF-ACA1-450B-A4B1-BF6DE6A2BDFE}"
EndProject
Project("{9A19103F-16F7-4668-BE54-9A1E7A4F7556}") = "Task1.Tests", "Task1.Tests\Task1.Tests.csproj", "{5B3791C5-114E-4DDD-B9AD-CD21FB3FBB81}"
EndProject
Project("{9A19103F-16F7-4668-BE54-9A1E7A4F7556}") = "Task2", "Task2\Task2.csproj", "{E84F9FF7-5F48-4B9D-8E0A-43058D92E1EE}"
EndProject
Project("{9A19103F-16F7-4668-BE54-9A1E7A4F7556}") = "Task2.Tests", "Task2.Tests\Task2.Tests.csproj", "{73B3DE42-0682-4BDF-9349-79598FC8E7FF}"
EndProject
Project("{9A19103F-16F7-4668-BE54-9A1E7A4F7556}") = "Task3", "Task3\Task3.csproj", "{BE9D4D07-6466-4060-B822-211EDEC33993}"
EndProject
Project("{9A19103F-16F7-4668-BE54-9A1E7A4F7556}") = "Task3.Tests", "Task3.Tests\Task3.Tests.csproj", "{F153AE2D-AB0E-4B5B-A56E-9C24F8A733D5}"
EndProject
Project("{FAE04EC0-301F-11D3-BF4B-00C04F79EFBC}") = "Task4", "Task4\Task4.csproj", "{C555859D-56A1-4220-BA94-E7B70BDBA018}"
EndProject
Project("{FAE04EC0-301F-11D3-BF4B-00C04F79EFBC}") = "Task4.Tests", "Task4.Tests\Task4.Tests.csproj", "{773C4BE0-A26D-4DAF-8EAA-26DF4BB50263}"
EndProject
Global
	GlobalSection(SolutionConfigurationPlatforms) = preSolution
		Debug|Any CPU = Debug|Any CPU
		Release|Any CPU = Release|Any CPU
	EndGlobalSection
	GlobalSection(ProjectConfigurationPlatforms) = postSolution
		{48854BFF-ACA1-450B-A4B1-BF6DE6A2BDFE}.Debug|Any CPU.ActiveCfg = Debug|Any CPU
		{48854BFF-ACA1-450B-A4B1-BF6DE6A2BDFE}.Debug|Any CPU.Build.0 = Debug|Any CPU
		{48854BFF-ACA1-450B-A4B1-BF6DE6A2BDFE}.Release|Any CPU.ActiveCfg = Release|Any CPU
		{48854BFF-ACA1-450B-A4B1-BF6DE6A2BDFE}.Release|Any CPU.Build.0 = Release|Any CPU
		{5B3791C5-114E-4DDD-B9AD-CD21FB3FBB81}.Debug|Any CPU.ActiveCfg = Debug|Any CPU
		{5B3791C5-114E-4DDD-B9AD-CD21FB3FBB81}.Debug|Any CPU.Build.0 = Debug|Any CPU
		{5B3791C5-114E-4DDD-B9AD-CD21FB3FBB81}.Release|Any CPU.ActiveCfg = Release|Any CPU
		{5B3791C5-114E-4DDD-B9AD-CD21FB3FBB81}.Release|Any CPU.Build.0 = Release|Any CPU
		{E84F9FF7-5F48-4B9D-8E0A-43058D92E1EE}.Debug|Any CPU.ActiveCfg = Debug|Any CPU
		{E84F9FF7-5F48-4B9D-8E0A-43058D92E1EE}.Debug|Any CPU.Build.0 = Debug|Any CPU
		{E84F9FF7-5F48-4B9D-8E0A-43058D92E1EE}.Release|Any CPU.ActiveCfg = Release|Any CPU
		{E84F9FF7-5F48-4B9D-8E0A-43058D92E1EE}.Release|Any CPU.Build.0 = Release|Any CPU
		{73B3DE42-0682-4BDF-9349-79598FC8E7FF}.Debug|Any CPU.ActiveCfg = Debug|Any CPU
		{73B3DE42-0682-4BDF-9349-79598FC8E7FF}.Debug|Any CPU.Build.0 = Debug|Any CPU
		{73B3DE42-0682-4BDF-9349-79598FC8E7FF}.Release|Any CPU.ActiveCfg = Release|Any CPU
		{73B3DE42-0682-4BDF-9349-79598FC8E7FF}.Release|Any CPU.Build.0 = Release|Any CPU
		{BE9D4D07-6466-4060-B822-211EDEC33993}.Debug|Any CPU.ActiveCfg = Debug|Any CPU
		{BE9D4D07-6466-4060-B822-211EDEC33993}.Debug|Any CPU.Build.0 = Debug|Any CPU
		{BE9D4D07-6466-4060-B822-211EDEC33993}.Release|Any CPU.ActiveCfg = Release|Any CPU
		{BE9D4D07-6466-4060-B822-211EDEC33993}.Release|Any CPU.Build.0 = Release|Any CPU
		{F153AE2D-AB0E-4B5B-A56E-9C24F8A733D5}.Debug|Any CPU.ActiveCfg = Debug|Any CPU
		{F153AE2D-AB0E-4B5B-A56E-9C24F8A733D5}.Debug|Any CPU.Build.0 = Debug|Any CPU
		{F153AE2D-AB0E-4B5B-A56E-9C24F8A733D5}.Release|Any CPU.ActiveCfg = Release|Any CPU
		{F153AE2D-AB0E-4B5B-A56E-9C24F8A733D5}.Release|Any CPU.Build.0 = Release|Any CPU
		{C555859D-56A1-4220-BA94-E7B70BDBA018}.Debug|Any CPU.ActiveCfg = Debug|Any CPU
		{C555859D-56A1-4220-BA94-E7B70BDBA018}.Debug|Any CPU.Build.0 = Debug|Any CPU
		{C555859D-56A1-4220-BA94-E7B70BDBA018}.Release|Any CPU.ActiveCfg = Release|Any CPU
		{C555859D-56A1-4220-BA94-E7B70BDBA018}.Release|Any CPU.Build.0 = Release|Any CPU
		{773C4BE0-A26D-4DAF-8EAA-26DF4BB50263}.Debug|Any CPU.ActiveCfg = Debug|Any CPU
		{773C4BE0-A26D-4DAF-8EAA-26DF4BB50263}.Debug|Any CPU.Build.0 = Debug|Any CPU
		{773C4BE0-A26D-4DAF-8EAA-26DF4BB50263}.Release|Any CPU.ActiveCfg = Release|Any CPU
		{773C4BE0-A26D-4DAF-8EAA-26DF4BB50263}.Release|Any CPU.Build.0 = Release|Any CPU
	EndGlobalSection
	GlobalSection(SolutionProperties) = preSolution
		HideSolutionNode = FALSE
	EndGlobalSection
	GlobalSection(ExtensibilityGlobals) = postSolution
		SolutionGuid = {4330996F-C001-454A-8DA6-B20D26488ACD}
	EndGlobalSection
EndGlobal
